
Microsoft Visual Studio Solution File, Format Version 12.00
# Visual Studio Version 16
VisualStudioVersion = 16.0.30320.27
MinimumVisualStudioVersion = 10.0.40219.1
Project("{FAE04EC0-301F-11D3-BF4B-00C04F79EFBC}") = "IEFCore.WebAPI", "IEFCore.WebAPI\IEFCore.WebAPI.csproj", "{30B86A38-9A9D-4C9A-8E04-B047585B907E}"
EndProject
Global
	GlobalSection(SolutionConfigurationPlatforms) = preSolution
		Debug|Any CPU = Debug|Any CPU
		Release|Any CPU = Release|Any CPU
	EndGlobalSection
	GlobalSection(ProjectConfigurationPlatforms) = postSolution
		{30B86A38-9A9D-4C9A-8E04-B047585B907E}.Debug|Any CPU.ActiveCfg = Debug|Any CPU
		{30B86A38-9A9D-4C9A-8E04-B047585B907E}.Debug|Any CPU.Build.0 = Debug|Any CPU
		{30B86A38-9A9D-4C9A-8E04-B047585B907E}.Release|Any CPU.ActiveCfg = Release|Any CPU
		{30B86A38-9A9D-4C9A-8E04-B047585B907E}.Release|Any CPU.Build.0 = Release|Any CPU
	EndGlobalSection
	GlobalSection(SolutionProperties) = preSolution
		HideSolutionNode = FALSE
	EndGlobalSection
	GlobalSection(ExtensibilityGlobals) = postSolution
		SolutionGuid = {37345795-EAB6-4F8A-B984-5604B2447F72}
	EndGlobalSection
EndGlobal
